
Microsoft Visual Studio Solution File, Format Version 12.00
# Visual Studio Version 17
VisualStudioVersion = 17.5.33627.172
MinimumVisualStudioVersion = 10.0.40219.1
Project("{FAE04EC0-301F-11D3-BF4B-00C04F79EFBC}") = "ShipBunkerWindowsService", "ShipBunkerWindowsService\ShipBunkerWindowsService.csproj", "{F76219E0-83DC-419C-935C-7F32C4A5BA9F}"
EndProject
Global
	GlobalSection(SolutionConfigurationPlatforms) = preSolution
		Debug|Any CPU = Debug|Any CPU
		Release|Any CPU = Release|Any CPU
	EndGlobalSection
	GlobalSection(ProjectConfigurationPlatforms) = postSolution
		{F76219E0-83DC-419C-935C-7F32C4A5BA9F}.Debug|Any CPU.ActiveCfg = Debug|Any CPU
		{F76219E0-83DC-419C-935C-7F32C4A5BA9F}.Debug|Any CPU.Build.0 = Debug|Any CPU
		{F76219E0-83DC-419C-935C-7F32C4A5BA9F}.Release|Any CPU.ActiveCfg = Release|Any CPU
		{F76219E0-83DC-419C-935C-7F32C4A5BA9F}.Release|Any CPU.Build.0 = Release|Any CPU
	EndGlobalSection
	GlobalSection(SolutionProperties) = preSolution
		HideSolutionNode = FALSE
	EndGlobalSection
	GlobalSection(ExtensibilityGlobals) = postSolution
		SolutionGuid = {A6D5C0A8-EE9B-40F3-BD3A-F90752B47F6F}
	EndGlobalSection
EndGlobal
