
Microsoft Visual Studio Solution File, Format Version 12.00
# Visual Studio Version 17
VisualStudioVersion = 17.5.33627.172
MinimumVisualStudioVersion = 10.0.40219.1
Project("{9A19103F-16F7-4668-BE54-9A1E7A4F7556}") = "DapperDemo", "DapperDemo\DapperDemo.csproj", "{6BCCE219-3D01-476F-A1AC-6D4E9DCD1767}"
EndProject
Project("{00D1A9C2-B5F0-4AF3-8072-F6C62B433612}") = "UserDB", "UserDB\UserDB.sqlproj", "{FD5315D6-6F7D-4B8D-9693-4537F8D77914}"
EndProject
Project("{FAE04EC0-301F-11D3-BF4B-00C04F79EFBC}") = "DataAccess", "DataAccess\DataAccess.csproj", "{53251A14-2690-45FF-BC2A-00668B9B7F6F}"
EndProject
Global
	GlobalSection(SolutionConfigurationPlatforms) = preSolution
		Debug|Any CPU = Debug|Any CPU
		Release|Any CPU = Release|Any CPU
	EndGlobalSection
	GlobalSection(ProjectConfigurationPlatforms) = postSolution
		{6BCCE219-3D01-476F-A1AC-6D4E9DCD1767}.Debug|Any CPU.ActiveCfg = Debug|Any CPU
		{6BCCE219-3D01-476F-A1AC-6D4E9DCD1767}.Debug|Any CPU.Build.0 = Debug|Any CPU
		{6BCCE219-3D01-476F-A1AC-6D4E9DCD1767}.Release|Any CPU.ActiveCfg = Release|Any CPU
		{6BCCE219-3D01-476F-A1AC-6D4E9DCD1767}.Release|Any CPU.Build.0 = Release|Any CPU
		{FD5315D6-6F7D-4B8D-9693-4537F8D77914}.Debug|Any CPU.ActiveCfg = Debug|Any CPU
		{FD5315D6-6F7D-4B8D-9693-4537F8D77914}.Debug|Any CPU.Build.0 = Debug|Any CPU
		{FD5315D6-6F7D-4B8D-9693-4537F8D77914}.Debug|Any CPU.Deploy.0 = Debug|Any CPU
		{FD5315D6-6F7D-4B8D-9693-4537F8D77914}.Release|Any CPU.ActiveCfg = Release|Any CPU
		{FD5315D6-6F7D-4B8D-9693-4537F8D77914}.Release|Any CPU.Build.0 = Release|Any CPU
		{FD5315D6-6F7D-4B8D-9693-4537F8D77914}.Release|Any CPU.Deploy.0 = Release|Any CPU
		{53251A14-2690-45FF-BC2A-00668B9B7F6F}.Debug|Any CPU.ActiveCfg = Debug|Any CPU
		{53251A14-2690-45FF-BC2A-00668B9B7F6F}.Debug|Any CPU.Build.0 = Debug|Any CPU
		{53251A14-2690-45FF-BC2A-00668B9B7F6F}.Release|Any CPU.ActiveCfg = Release|Any CPU
		{53251A14-2690-45FF-BC2A-00668B9B7F6F}.Release|Any CPU.Build.0 = Release|Any CPU
	EndGlobalSection
	GlobalSection(SolutionProperties) = preSolution
		HideSolutionNode = FALSE
	EndGlobalSection
	GlobalSection(ExtensibilityGlobals) = postSolution
		SolutionGuid = {A4D3D576-04D9-4BE7-9936-5CAC462A9FB9}
	EndGlobalSection
EndGlobal
