
Microsoft Visual Studio Solution File, Format Version 12.00
# Visual Studio Version 17
VisualStudioVersion = 17.5.33627.172
MinimumVisualStudioVersion = 10.0.40219.1
Project("{9A19103F-16F7-4668-BE54-9A1E7A4F7556}") = "WebApp_UnderTheHood", "WebApp_UnderTheHood\WebApp_UnderTheHood.csproj", "{F6DF78C1-C211-4DC0-A05A-DB6A9B7E588C}"
EndProject
Project("{9A19103F-16F7-4668-BE54-9A1E7A4F7556}") = "Web Api", "Web Api\Web Api.csproj", "{7E8E08C5-FA84-4608-8CAD-8230F7BC742F}"
EndProject
Global
	GlobalSection(SolutionConfigurationPlatforms) = preSolution
		Debug|Any CPU = Debug|Any CPU
		Release|Any CPU = Release|Any CPU
	EndGlobalSection
	GlobalSection(ProjectConfigurationPlatforms) = postSolution
		{F6DF78C1-C211-4DC0-A05A-DB6A9B7E588C}.Debug|Any CPU.ActiveCfg = Debug|Any CPU
		{F6DF78C1-C211-4DC0-A05A-DB6A9B7E588C}.Debug|Any CPU.Build.0 = Debug|Any CPU
		{F6DF78C1-C211-4DC0-A05A-DB6A9B7E588C}.Release|Any CPU.ActiveCfg = Release|Any CPU
		{F6DF78C1-C211-4DC0-A05A-DB6A9B7E588C}.Release|Any CPU.Build.0 = Release|Any CPU
		{7E8E08C5-FA84-4608-8CAD-8230F7BC742F}.Debug|Any CPU.ActiveCfg = Debug|Any CPU
		{7E8E08C5-FA84-4608-8CAD-8230F7BC742F}.Debug|Any CPU.Build.0 = Debug|Any CPU
		{7E8E08C5-FA84-4608-8CAD-8230F7BC742F}.Release|Any CPU.ActiveCfg = Release|Any CPU
		{7E8E08C5-FA84-4608-8CAD-8230F7BC742F}.Release|Any CPU.Build.0 = Release|Any CPU
	EndGlobalSection
	GlobalSection(SolutionProperties) = preSolution
		HideSolutionNode = FALSE
	EndGlobalSection
	GlobalSection(ExtensibilityGlobals) = postSolution
		SolutionGuid = {5D0F7443-5DA0-43AD-9E7E-4CE0106E280F}
	EndGlobalSection
EndGlobal
